{
    "requires": true,
    "lockfileVersion": 1,
    "dependencies": {
        "sweetalert2": {
            "version": "10.12.6",
            "resolved": "https://registry.npmjs.org/sweetalert2/-/sweetalert2-10.12.6.tgz",
            "integrity": "sha512-kkPRpNqP0wF9tAVu1Ygp4pQx4pXY/pgseyW3dOXXRu0S6s7HKfHEmpBUIZrBylRfeJFPOsSEk6sALSwKzNZ9RQ=="
        }
    }
}
